
Microsoft Visual Studio Solution File, Format Version 12.00
# Visual Studio Version 16
VisualStudioVersion = 16.0.29728.190
MinimumVisualStudioVersion = 10.0.40219.1
Project("{FAE04EC0-301F-11D3-BF4B-00C04F79EFBC}") = "CMP1903M_2021_W7", "CMP1903M_2021_W7\CMP1903M_2021_W7.csproj", "{7219AD37-B8F3-4982-8778-1010CDCDA6E5}"
EndProject
Global
	GlobalSection(SolutionConfigurationPlatforms) = preSolution
		Debug|Any CPU = Debug|Any CPU
		Release|Any CPU = Release|Any CPU
	EndGlobalSection
	GlobalSection(ProjectConfigurationPlatforms) = postSolution
		{7219AD37-B8F3-4982-8778-1010CDCDA6E5}.Debug|Any CPU.ActiveCfg = Debug|Any CPU
		{7219AD37-B8F3-4982-8778-1010CDCDA6E5}.Debug|Any CPU.Build.0 = Debug|Any CPU
		{7219AD37-B8F3-4982-8778-1010CDCDA6E5}.Release|Any CPU.ActiveCfg = Release|Any CPU
		{7219AD37-B8F3-4982-8778-1010CDCDA6E5}.Release|Any CPU.Build.0 = Release|Any CPU
	EndGlobalSection
	GlobalSection(SolutionProperties) = preSolution
		HideSolutionNode = FALSE
	EndGlobalSection
	GlobalSection(ExtensibilityGlobals) = postSolution
		SolutionGuid = {A83E41CB-7302-4130-84D1-19952A08C0B4}
	EndGlobalSection
EndGlobal
